
Microsoft Visual Studio Solution File, Format Version 12.00
# Visual Studio 14
VisualStudioVersion = 14.0.24720.0
MinimumVisualStudioVersion = 10.0.40219.1
Project("{FAE04EC0-301F-11D3-BF4B-00C04F79EFBC}") = "GPS", "GPS\GPS.csproj", "{B96DCE6B-6DBE-4AEC-8960-B713305FAE60}"
EndProject
Project("{FAE04EC0-301F-11D3-BF4B-00C04F79EFBC}") = "GPSTests", "GPSTest\GPSTests.csproj", "{97AAFC2F-E7BB-4D48-AC3E-CD51C5691A42}"
EndProject
Global
	GlobalSection(SolutionConfigurationPlatforms) = preSolution
		Debug|Any CPU = Debug|Any CPU
		Release|Any CPU = Release|Any CPU
	EndGlobalSection
	GlobalSection(ProjectConfigurationPlatforms) = postSolution
		{B96DCE6B-6DBE-4AEC-8960-B713305FAE60}.Debug|Any CPU.ActiveCfg = Debug|Any CPU
		{B96DCE6B-6DBE-4AEC-8960-B713305FAE60}.Debug|Any CPU.Build.0 = Debug|Any CPU
		{B96DCE6B-6DBE-4AEC-8960-B713305FAE60}.Release|Any CPU.ActiveCfg = Release|Any CPU
		{B96DCE6B-6DBE-4AEC-8960-B713305FAE60}.Release|Any CPU.Build.0 = Release|Any CPU
		{97AAFC2F-E7BB-4D48-AC3E-CD51C5691A42}.Debug|Any CPU.ActiveCfg = Debug|Any CPU
		{97AAFC2F-E7BB-4D48-AC3E-CD51C5691A42}.Debug|Any CPU.Build.0 = Debug|Any CPU
		{97AAFC2F-E7BB-4D48-AC3E-CD51C5691A42}.Release|Any CPU.ActiveCfg = Release|Any CPU
		{97AAFC2F-E7BB-4D48-AC3E-CD51C5691A42}.Release|Any CPU.Build.0 = Release|Any CPU
	EndGlobalSection
	GlobalSection(SolutionProperties) = preSolution
		HideSolutionNode = FALSE
	EndGlobalSection
EndGlobal
